
Microsoft Visual Studio Solution File, Format Version 12.00
# Visual Studio 15
VisualStudioVersion = 15.0.26228.12
MinimumVisualStudioVersion = 10.0.40219.1
Project("{2150E333-8FDC-42A3-9474-1A3956D46DE8}") = "src", "src", "{31F7ED16-2642-4526-AF4E-C95EF79B23DA}"
EndProject
Project("{2150E333-8FDC-42A3-9474-1A3956D46DE8}") = "Solution Items", "Solution Items", "{A47EA7C9-7103-45DA-9B2D-5E2512664997}"
	ProjectSection(SolutionItems) = preProject
		.gitignore = .gitignore
		.travis.yml = .travis.yml
		appspec.yml = appspec.yml
		Install-App.ps1 = Install-App.ps1
		NuGet.config = NuGet.config
		Remove-App.ps1 = Remove-App.ps1
	EndProjectSection
EndProject
Project("{2150E333-8FDC-42A3-9474-1A3956D46DE8}") = "tests", "tests", "{96F0562A-FADE-413C-8AF9-AA1703993B4C}"
EndProject
Project("{9A19103F-16F7-4668-BE54-9A1E7A4F7556}") = "Speakr.TalksApi", "src\Speakr.TalksApi\Speakr.TalksApi.csproj", "{1AB3370A-FC3B-47A8-961B-3BE3E791A589}"
EndProject
Project("{9A19103F-16F7-4668-BE54-9A1E7A4F7556}") = "Speakr.TalksApi.Tests", "tests\Speakr.TalksApi.Tests\Speakr.TalksApi.Tests.csproj", "{7EDB7DAF-D371-4783-AC2C-2DE77D2FA73B}"
EndProject
Project("{9A19103F-16F7-4668-BE54-9A1E7A4F7556}") = "Speakr.TalksApi.AcceptanceTests", "tests\Speakr.TalksApi.AcceptanceTests\Speakr.TalksApi.AcceptanceTests.csproj", "{CD4736C4-4CFE-477C-B63F-89933EDC357F}"
EndProject
Global
	GlobalSection(SolutionConfigurationPlatforms) = preSolution
		Debug|Any CPU = Debug|Any CPU
		Release|Any CPU = Release|Any CPU
	EndGlobalSection
	GlobalSection(ProjectConfigurationPlatforms) = postSolution
		{1AB3370A-FC3B-47A8-961B-3BE3E791A589}.Debug|Any CPU.ActiveCfg = Debug|Any CPU
		{1AB3370A-FC3B-47A8-961B-3BE3E791A589}.Debug|Any CPU.Build.0 = Debug|Any CPU
		{1AB3370A-FC3B-47A8-961B-3BE3E791A589}.Release|Any CPU.ActiveCfg = Release|Any CPU
		{1AB3370A-FC3B-47A8-961B-3BE3E791A589}.Release|Any CPU.Build.0 = Release|Any CPU
		{7EDB7DAF-D371-4783-AC2C-2DE77D2FA73B}.Debug|Any CPU.ActiveCfg = Debug|Any CPU
		{7EDB7DAF-D371-4783-AC2C-2DE77D2FA73B}.Debug|Any CPU.Build.0 = Debug|Any CPU
		{7EDB7DAF-D371-4783-AC2C-2DE77D2FA73B}.Release|Any CPU.ActiveCfg = Release|Any CPU
		{7EDB7DAF-D371-4783-AC2C-2DE77D2FA73B}.Release|Any CPU.Build.0 = Release|Any CPU
		{CD4736C4-4CFE-477C-B63F-89933EDC357F}.Debug|Any CPU.ActiveCfg = Debug|Any CPU
		{CD4736C4-4CFE-477C-B63F-89933EDC357F}.Debug|Any CPU.Build.0 = Debug|Any CPU
		{CD4736C4-4CFE-477C-B63F-89933EDC357F}.Release|Any CPU.ActiveCfg = Release|Any CPU
		{CD4736C4-4CFE-477C-B63F-89933EDC357F}.Release|Any CPU.Build.0 = Release|Any CPU
	EndGlobalSection
	GlobalSection(SolutionProperties) = preSolution
		HideSolutionNode = FALSE
	EndGlobalSection
	GlobalSection(NestedProjects) = preSolution
		{1AB3370A-FC3B-47A8-961B-3BE3E791A589} = {31F7ED16-2642-4526-AF4E-C95EF79B23DA}
		{7EDB7DAF-D371-4783-AC2C-2DE77D2FA73B} = {96F0562A-FADE-413C-8AF9-AA1703993B4C}
		{CD4736C4-4CFE-477C-B63F-89933EDC357F} = {96F0562A-FADE-413C-8AF9-AA1703993B4C}
	EndGlobalSection
EndGlobal
